
Microsoft Visual Studio Solution File, Format Version 12.00
# Visual Studio Version 17
VisualStudioVersion = 17.3.32922.545
MinimumVisualStudioVersion = 10.0.40219.1
Project("{FAE04EC0-301F-11D3-BF4B-00C04F79EFBC}") = "WorldDetails", "WorldDetails\WorldDetails.csproj", "{2D88C542-0D05-4062-B57A-4BAF97093FE6}"
EndProject
Global
	GlobalSection(SolutionConfigurationPlatforms) = preSolution
		Debug|Any CPU = Debug|Any CPU
		Release|Any CPU = Release|Any CPU
	EndGlobalSection
	GlobalSection(ProjectConfigurationPlatforms) = postSolution
		{2D88C542-0D05-4062-B57A-4BAF97093FE6}.Debug|Any CPU.ActiveCfg = Debug|Any CPU
		{2D88C542-0D05-4062-B57A-4BAF97093FE6}.Debug|Any CPU.Build.0 = Debug|Any CPU
		{2D88C542-0D05-4062-B57A-4BAF97093FE6}.Release|Any CPU.ActiveCfg = Release|Any CPU
		{2D88C542-0D05-4062-B57A-4BAF97093FE6}.Release|Any CPU.Build.0 = Release|Any CPU
	EndGlobalSection
	GlobalSection(SolutionProperties) = preSolution
		HideSolutionNode = FALSE
	EndGlobalSection
	GlobalSection(ExtensibilityGlobals) = postSolution
		SolutionGuid = {0E653886-FAB6-4521-BFB6-43EF1E347E23}
	EndGlobalSection
EndGlobal
